
Microsoft Visual Studio Solution File, Format Version 12.00
# Visual Studio Version 17
VisualStudioVersion = 17.0.32014.148
MinimumVisualStudioVersion = 10.0.40219.1
Project("{FAE04EC0-301F-11D3-BF4B-00C04F79EFBC}") = "seq-logging-aspnetcore", "seq-logging-aspnetcore.csproj", "{78221064-5C91-4BAE-967F-B10CBEF32F96}"
EndProject
Global
	GlobalSection(SolutionConfigurationPlatforms) = preSolution
		Debug|Any CPU = Debug|Any CPU
		Release|Any CPU = Release|Any CPU
	EndGlobalSection
	GlobalSection(ProjectConfigurationPlatforms) = postSolution
		{78221064-5C91-4BAE-967F-B10CBEF32F96}.Debug|Any CPU.ActiveCfg = Debug|Any CPU
		{78221064-5C91-4BAE-967F-B10CBEF32F96}.Debug|Any CPU.Build.0 = Debug|Any CPU
		{78221064-5C91-4BAE-967F-B10CBEF32F96}.Release|Any CPU.ActiveCfg = Release|Any CPU
		{78221064-5C91-4BAE-967F-B10CBEF32F96}.Release|Any CPU.Build.0 = Release|Any CPU
	EndGlobalSection
	GlobalSection(SolutionProperties) = preSolution
		HideSolutionNode = FALSE
	EndGlobalSection
	GlobalSection(ExtensibilityGlobals) = postSolution
		SolutionGuid = {332BB4F4-9A31-4F68-B919-B44049381D34}
	EndGlobalSection
EndGlobal
